
Microsoft Visual Studio Solution File, Format Version 12.00
# Visual Studio 15
VisualStudioVersion = 15.0.27004.2010
MinimumVisualStudioVersion = 10.0.40219.1
Project("{FAE04EC0-301F-11D3-BF4B-00C04F79EFBC}") = "Planb.winforms", "Planb.winforms\Planb.winforms.csproj", "{B4765143-9B36-40BE-8B79-BBC65F86FED6}"
EndProject
Project("{FAE04EC0-301F-11D3-BF4B-00C04F79EFBC}") = "Planb.data", "Planb.data\Planb.data.csproj", "{88DC3108-1859-440C-B5B4-592A40FA241C}"
EndProject
Global
	GlobalSection(SolutionConfigurationPlatforms) = preSolution
		Debug|Any CPU = Debug|Any CPU
		Release|Any CPU = Release|Any CPU
	EndGlobalSection
	GlobalSection(ProjectConfigurationPlatforms) = postSolution
		{B4765143-9B36-40BE-8B79-BBC65F86FED6}.Debug|Any CPU.ActiveCfg = Debug|Any CPU
		{B4765143-9B36-40BE-8B79-BBC65F86FED6}.Debug|Any CPU.Build.0 = Debug|Any CPU
		{B4765143-9B36-40BE-8B79-BBC65F86FED6}.Release|Any CPU.ActiveCfg = Release|Any CPU
		{B4765143-9B36-40BE-8B79-BBC65F86FED6}.Release|Any CPU.Build.0 = Release|Any CPU
		{88DC3108-1859-440C-B5B4-592A40FA241C}.Debug|Any CPU.ActiveCfg = Debug|Any CPU
		{88DC3108-1859-440C-B5B4-592A40FA241C}.Debug|Any CPU.Build.0 = Debug|Any CPU
		{88DC3108-1859-440C-B5B4-592A40FA241C}.Release|Any CPU.ActiveCfg = Release|Any CPU
		{88DC3108-1859-440C-B5B4-592A40FA241C}.Release|Any CPU.Build.0 = Release|Any CPU
	EndGlobalSection
	GlobalSection(SolutionProperties) = preSolution
		HideSolutionNode = FALSE
	EndGlobalSection
	GlobalSection(ExtensibilityGlobals) = postSolution
		SolutionGuid = {63514464-463B-4F12-9728-B1D023A001AE}
	EndGlobalSection
EndGlobal
